
Microsoft Visual Studio Solution File, Format Version 12.00
# Visual Studio Version 16
VisualStudioVersion = 25.0.1706.0
MinimumVisualStudioVersion = 10.0.40219.1
Project("{F2A71F9B-5D33-465A-A702-920D77279786}") = "CCVTAC.Main", "CCVTAC.Main\CCVTAC.Main.fsproj", "{44860E27-2F04-428C-8444-C774627A019F}"
EndProject
Project("{F2A71F9B-5D33-465A-A702-920D77279786}") = "CCVTAC.Tests", "CCVTAC.Tests\CCVTAC.Tests.fsproj", "{D9BD0637-C4C1-435B-B202-1447FD85DCDE}"
EndProject
Global
	GlobalSection(SolutionConfigurationPlatforms) = preSolution
		Debug|Any CPU = Debug|Any CPU
		Release|Any CPU = Release|Any CPU
	EndGlobalSection
	GlobalSection(ProjectConfigurationPlatforms) = postSolution
		{44860E27-2F04-428C-8444-C774627A019F}.Debug|Any CPU.ActiveCfg = Debug|Any CPU
		{44860E27-2F04-428C-8444-C774627A019F}.Debug|Any CPU.Build.0 = Debug|Any CPU
		{44860E27-2F04-428C-8444-C774627A019F}.Release|Any CPU.ActiveCfg = Release|Any CPU
		{44860E27-2F04-428C-8444-C774627A019F}.Release|Any CPU.Build.0 = Release|Any CPU
		{D9BD0637-C4C1-435B-B202-1447FD85DCDE}.Debug|Any CPU.ActiveCfg = Debug|Any CPU
		{D9BD0637-C4C1-435B-B202-1447FD85DCDE}.Debug|Any CPU.Build.0 = Debug|Any CPU
		{D9BD0637-C4C1-435B-B202-1447FD85DCDE}.Release|Any CPU.ActiveCfg = Release|Any CPU
		{D9BD0637-C4C1-435B-B202-1447FD85DCDE}.Release|Any CPU.Build.0 = Release|Any CPU
	EndGlobalSection
	GlobalSection(SolutionProperties) = preSolution
		HideSolutionNode = FALSE
	EndGlobalSection
	GlobalSection(ExtensibilityGlobals) = postSolution
		SolutionGuid = {53BFC1B6-8E82-4573-BCFB-E6A6C83C5EF4}
	EndGlobalSection
EndGlobal
