
Microsoft Visual Studio Solution File, Format Version 12.00
# Visual Studio Version 16
VisualStudioVersion = 25.0.1706.0
MinimumVisualStudioVersion = 10.0.40219.1
Project("{FAE04EC0-301F-11D3-BF4B-00C04F79EFBC}") = "CCVTAC.Console", "CCVTAC.Console\CCVTAC.Console.csproj", "{3A6C143A-C91A-43F8-8849-11C1DF100F7C}"
EndProject
Project("{FAE04EC0-301F-11D3-BF4B-00C04F79EFBC}") = "CCVTAC.Tests", "CCVTAC.Tests\CCVTAC.Tests.csproj", "{8CA8220D-5E89-4F6D-9AA3-AFA534BC258B}"
EndProject
Project("{F2A71F9B-5D33-465A-A702-920D77279786}") = "CCVTAC.FSharp", "CCVTAC.FSharp\CCVTAC.FSharp.fsproj", "{44860E27-2F04-428C-8444-C774627A019F}"
EndProject
Global
	GlobalSection(SolutionConfigurationPlatforms) = preSolution
		Debug|Any CPU = Debug|Any CPU
		Release|Any CPU = Release|Any CPU
	EndGlobalSection
	GlobalSection(ProjectConfigurationPlatforms) = postSolution
		{3A6C143A-C91A-43F8-8849-11C1DF100F7C}.Debug|Any CPU.ActiveCfg = Debug|Any CPU
		{3A6C143A-C91A-43F8-8849-11C1DF100F7C}.Debug|Any CPU.Build.0 = Debug|Any CPU
		{3A6C143A-C91A-43F8-8849-11C1DF100F7C}.Release|Any CPU.ActiveCfg = Release|Any CPU
		{3A6C143A-C91A-43F8-8849-11C1DF100F7C}.Release|Any CPU.Build.0 = Release|Any CPU
		{8CA8220D-5E89-4F6D-9AA3-AFA534BC258B}.Debug|Any CPU.ActiveCfg = Debug|Any CPU
		{8CA8220D-5E89-4F6D-9AA3-AFA534BC258B}.Debug|Any CPU.Build.0 = Debug|Any CPU
		{8CA8220D-5E89-4F6D-9AA3-AFA534BC258B}.Release|Any CPU.ActiveCfg = Release|Any CPU
		{8CA8220D-5E89-4F6D-9AA3-AFA534BC258B}.Release|Any CPU.Build.0 = Release|Any CPU
		{44860E27-2F04-428C-8444-C774627A019F}.Debug|Any CPU.ActiveCfg = Debug|Any CPU
		{44860E27-2F04-428C-8444-C774627A019F}.Debug|Any CPU.Build.0 = Debug|Any CPU
		{44860E27-2F04-428C-8444-C774627A019F}.Release|Any CPU.ActiveCfg = Release|Any CPU
		{44860E27-2F04-428C-8444-C774627A019F}.Release|Any CPU.Build.0 = Release|Any CPU
	EndGlobalSection
	GlobalSection(SolutionProperties) = preSolution
		HideSolutionNode = FALSE
	EndGlobalSection
	GlobalSection(ExtensibilityGlobals) = postSolution
		SolutionGuid = {53BFC1B6-8E82-4573-BCFB-E6A6C83C5EF4}
	EndGlobalSection
EndGlobal
